
Microsoft Visual Studio Solution File, Format Version 12.00
# Visual Studio Version 16
VisualStudioVersion = 16.0.29001.49
MinimumVisualStudioVersion = 10.0.40219.1
Project("{9A19103F-16F7-4668-BE54-9A1E7A4F7556}") = "StrategyGame.Api", "StrategyGame.Api\StrategyGame.Api.csproj", "{C84236C3-5E6B-4A60-B491-5F4A98704C6F}"
EndProject
Project("{9A19103F-16F7-4668-BE54-9A1E7A4F7556}") = "StrategyGame.Dal", "StrategyGame.Dal\StrategyGame.Dal.csproj", "{6FBEAB08-B1D0-4D95-8D05-0D59C1AE8D96}"
EndProject
Project("{9A19103F-16F7-4668-BE54-9A1E7A4F7556}") = "StrategyGame.Bll", "StrategyGame.Bll\StrategyGame.Bll.csproj", "{AC0B5CDC-62D0-4584-8FD2-638D2F198E9A}"
EndProject
Project("{FAE04EC0-301F-11D3-BF4B-00C04F79EFBC}") = "StrategyGame.Model", "StrategyGame.Model\StrategyGame.Model.csproj", "{826D68D7-6812-402E-9E24-F724830B934F}"
EndProject
Global
	GlobalSection(SolutionConfigurationPlatforms) = preSolution
		Debug|Any CPU = Debug|Any CPU
		Release|Any CPU = Release|Any CPU
	EndGlobalSection
	GlobalSection(ProjectConfigurationPlatforms) = postSolution
		{C84236C3-5E6B-4A60-B491-5F4A98704C6F}.Debug|Any CPU.ActiveCfg = Debug|Any CPU
		{C84236C3-5E6B-4A60-B491-5F4A98704C6F}.Debug|Any CPU.Build.0 = Debug|Any CPU
		{C84236C3-5E6B-4A60-B491-5F4A98704C6F}.Release|Any CPU.ActiveCfg = Release|Any CPU
		{C84236C3-5E6B-4A60-B491-5F4A98704C6F}.Release|Any CPU.Build.0 = Release|Any CPU
		{6FBEAB08-B1D0-4D95-8D05-0D59C1AE8D96}.Debug|Any CPU.ActiveCfg = Debug|Any CPU
		{6FBEAB08-B1D0-4D95-8D05-0D59C1AE8D96}.Debug|Any CPU.Build.0 = Debug|Any CPU
		{6FBEAB08-B1D0-4D95-8D05-0D59C1AE8D96}.Release|Any CPU.ActiveCfg = Release|Any CPU
		{6FBEAB08-B1D0-4D95-8D05-0D59C1AE8D96}.Release|Any CPU.Build.0 = Release|Any CPU
		{AC0B5CDC-62D0-4584-8FD2-638D2F198E9A}.Debug|Any CPU.ActiveCfg = Debug|Any CPU
		{AC0B5CDC-62D0-4584-8FD2-638D2F198E9A}.Debug|Any CPU.Build.0 = Debug|Any CPU
		{AC0B5CDC-62D0-4584-8FD2-638D2F198E9A}.Release|Any CPU.ActiveCfg = Release|Any CPU
		{AC0B5CDC-62D0-4584-8FD2-638D2F198E9A}.Release|Any CPU.Build.0 = Release|Any CPU
		{826D68D7-6812-402E-9E24-F724830B934F}.Debug|Any CPU.ActiveCfg = Debug|Any CPU
		{826D68D7-6812-402E-9E24-F724830B934F}.Debug|Any CPU.Build.0 = Debug|Any CPU
		{826D68D7-6812-402E-9E24-F724830B934F}.Release|Any CPU.ActiveCfg = Release|Any CPU
		{826D68D7-6812-402E-9E24-F724830B934F}.Release|Any CPU.Build.0 = Release|Any CPU
	EndGlobalSection
	GlobalSection(SolutionProperties) = preSolution
		HideSolutionNode = FALSE
	EndGlobalSection
	GlobalSection(ExtensibilityGlobals) = postSolution
		SolutionGuid = {461160F2-8B93-42A9-8A5D-C4C89BDEA12E}
	EndGlobalSection
EndGlobal
